// !$*UTF8*$!
{
	archiveVersion = 1;
	classes = {
	};
	objectVersion = 46;
	objects = {

/* Begin PBXBuildFile section */
		8BF210861D73BB2300CB4645 /* AppDelegate.swift in Sources */ = {isa = PBXBuildFile; fileRef = 8BF210851D73BB2300CB4645 /* AppDelegate.swift */; };
		8BF210881D73BB2300CB4645 /* ViewController.swift in Sources */ = {isa = PBXBuildFile; fileRef = 8BF210871D73BB2300CB4645 /* ViewController.swift */; };
		8BF2108B1D73BB2300CB4645 /* Main.storyboard in Resources */ = {isa = PBXBuildFile; fileRef = 8BF210891D73BB2300CB4645 /* Main.storyboard */; };
		8BF2108D1D73BB2300CB4645 /* Assets.xcassets in Resources */ = {isa = PBXBuildFile; fileRef = 8BF2108C1D73BB2300CB4645 /* Assets.xcassets */; };
		8BF210901D73BB2300CB4645 /* LaunchScreen.storyboard in Resources */ = {isa = PBXBuildFile; fileRef = 8BF2108E1D73BB2300CB4645 /* LaunchScreen.storyboard */; };
/* End PBXBuildFile section */

/* Begin PBXFileReference section */
		8BF210821D73BB2300CB4645 /* PokeDex_beta4.app */ = {isa = PBXFileReference; explicitFileType = wrapper.application; includeInIndex = 0; path = PokeDex_beta4.app; sourceTree = BUILT_PRODUCTS_DIR; };
		8BF210851D73BB2300CB4645 /* AppDelegate.swift */ = {isa = PBXFileReference; lastKnownFileType = sourcecode.swift; path = AppDelegate.swift; sourceTree = "<group>"; };
		8BF210871D73BB2300CB4645 /* ViewController.swift */ = {isa = PBXFileReference; lastKnownFileType = sourcecode.swift; path = ViewController.swift; sourceTree = "<group>"; };
		8BF2108A1D73BB2300CB4645 /* Base */ = {isa = PBXFileReference; lastKnownFileType = file.storyboard; name = Base; path = Base.lproj/Main.storyboard; sourceTree = "<group>"; };
		8BF2108C1D73BB2300CB4645 /* Assets.xcassets */ = {isa = PBXFileReference; lastKnownFileType = folder.assetcatalog; path = Assets.xcassets; sourceTree = "<group>"; };
		8BF2108F1D73BB2300CB4645 /* Base */ = {isa = PBXFileReference; lastKnownFileType = file.storyboard; name = Base; path = Base.lproj/LaunchScreen.storyboard; sourceTree = "<group>"; };
		8BF210911D73BB2300CB4645 /* Info.plist */ = {isa = PBXFileReference; lastKnownFileType = text.plist.xml; path = Info.plist; sourceTree = "<group>"; };
/* End PBXFileReference section */

/* Begin PBXFrameworksBuildPhase section */
		8BF2107F1D73BB2200CB4645 /* Frameworks */ = {
			isa = PBXFrameworksBuildPhase;
			buildActionMask = 2147483647;
			files = (
			);
			runOnlyForDeploymentPostprocessing = 0;
		};
/* End PBXFrameworksBuildPhase section */

/* Begin PBXGroup section */
		8BF210791D73BB2200CB4645 = {
			isa = PBXGroup;
			children = (
				8BF210841D73BB2300CB4645 /* PokeDex_beta4 */,
				8BF210831D73BB2300CB4645 /* Products */,
			);
			sourceTree = "<group>";
		};
		8BF210831D73BB2300CB4645 /* Products */ = {
			isa = PBXGroup;
			children = (
				8BF210821D73BB2300CB4645 /* PokeDex_beta4.app */,
			);
			name = Products;
			sourceTree = "<group>";
		};
		8BF210841D73BB2300CB4645 /* PokeDex_beta4 */ = {
			isa = PBXGroup;
			children = (
				8BF210851D73BB2300CB4645 /* AppDelegate.swift */,
				8BF210871D73BB2300CB4645 /* ViewController.swift */,
				8BF210891D73BB2300CB4645 /* Main.storyboard */,
				8BF2108C1D73BB2300CB4645 /* Assets.xcassets */,
				8BF2108E1D73BB2300CB4645 /* LaunchScreen.storyboard */,
				8BF210911D73BB2300CB4645 /* Info.plist */,
			);
			path = PokeDex_beta4;
			sourceTree = "<group>";
		};
/* End PBXGroup section */

/* Begin PBXNativeTarget section */
		8BF210811D73BB2200CB4645 /* PokeDex_beta4 */ = {
			isa = PBXNativeTarget;
			buildConfigurationList = 8BF210941D73BB2300CB4645 /* Build configuration list for PBXNativeTarget "PokeDex_beta4" */;
			buildPhases = (
				8BF2107E1D73BB2200CB4645 /* Sources */,
				8BF2107F1D73BB2200CB4645 /* Frameworks */,
				8BF210801D73BB2200CB4645 /* Resources */,
			);
			buildRules = (
			);
			dependencies = (
			);
			name = PokeDex_beta4;
			productName = PokeDex_beta4;
			productReference = 8BF210821D73BB2300CB4645 /* PokeDex_beta4.app */;
			productType = "com.apple.product-type.application";
		};
/* End PBXNativeTarget section */

/* Begin PBXProject section */
		8BF2107A1D73BB2200CB4645 /* Project object */ = {
			isa = PBXProject;
			attributes = {
				LastSwiftUpdateCheck = 0800;
				LastUpgradeCheck = 0800;
				ORGANIZATIONNAME = "Eric Wilson";
				TargetAttributes = {
					8BF210811D73BB2200CB4645 = {
						CreatedOnToolsVersion = 8.0;
						ProvisioningStyle = Automatic;
					};
				};
			};
			buildConfigurationList = 8BF2107D1D73BB2200CB4645 /* Build configuration list for PBXProject "PokeDex_beta4" */;
			compatibilityVersion = "Xcode 3.2";
			developmentRegion = English;
			hasScannedForEncodings = 0;
			knownRegions = (
				en,
				Base,
			);
			mainGroup = 8BF210791D73BB2200CB4645;
			productRefGroup = 8BF210831D73BB2300CB4645 /* Products */;
			projectDirPath = "";
			projectRoot = "";
			targets = (
				8BF210811D73BB2200CB4645 /* PokeDex_beta4 */,
			);
		};
/* End PBXProject section */

/* Begin PBXResourcesBuildPhase section */
		8BF210801D73BB2200CB4645 /* Resources */ = {
			isa = PBXResourcesBuildPhase;
			buildActionMask = 2147483647;
			files = (
				8BF210901D73BB2300CB4645 /* LaunchScreen.storyboard in Resources */,
				8BF2108D1D73BB2300CB4645 /* Assets.xcassets in Resources */,
				8BF2108B1D73BB2300CB4645 /* Main.storyboard in Resources */,
			);
			runOnlyForDeploymentPostprocessing = 0;
		};
/* End PBXResourcesBuildPhase section */

/* Begin PBXSourcesBuildPhase section */
		8BF2107E1D73BB2200CB4645 /* Sources */ = {
			isa = PBXSourcesBuildPhase;
			buildActionMask = 2147483647;
			files = (
				8BF210881D73BB2300CB4645 /* ViewController.swift in Sources */,
				8BF210861D73BB2300CB4645 /* AppDelegate.swift in Sources */,
			);
			runOnlyForDeploymentPostprocessing = 0;
		};
/* End PBXSourcesBuildPhase section */

/* Begin PBXVariantGroup section */
		8BF210891D73BB2300CB4645 /* Main.storyboard */ = {
			isa = PBXVariantGroup;
			children = (
				8BF2108A1D73BB2300CB4645 /* Base */,
			);
			name = Main.storyboard;
			sourceTree = "<group>";
		};
		8BF2108E1D73BB2300CB4645 /* LaunchScreen.storyboard */ = {
			isa = PBXVariantGroup;
			children = (
				8BF2108F1D73BB2300CB4645 /* Base */,
			);
			name = LaunchScreen.storyboard;
			sourceTree = "<group>";
		};
/* End PBXVariantGroup section */

/* Begin XCBuildConfiguration section */
		8BF210921D73BB2300CB4645 /* Debug */ = {
			isa = XCBuildConfiguration;
			buildSettings = {
				ALWAYS_SEARCH_USER_PATHS = NO;
				CLANG_ANALYZER_NONNULL = YES;
				CLANG_CXX_LANGUAGE_STANDARD = "gnu++0x";
				CLANG_CXX_LIBRARY = "libc++";
				CLANG_ENABLE_MODULES = YES;
				CLANG_ENABLE_OBJC_ARC = YES;
				CLANG_WARN_BOOL_CONVERSION = YES;
				CLANG_WARN_CONSTANT_CONVERSION = YES;
				CLANG_WARN_DIRECT_OBJC_ISA_USAGE = YES_ERROR;
				CLANG_WARN_DOCUMENTATION_COMMENTS = YES;
				CLANG_WARN_EMPTY_BODY = YES;
				CLANG_WARN_ENUM_CONVERSION = YES;
				CLANG_WARN_INFINITE_RECURSION = YES;
				CLANG_WARN_INT_CONVERSION = YES;
				CLANG_WARN_OBJC_ROOT_CLASS = YES_ERROR;
				CLANG_WARN_SUSPICIOUS_MOVES = YES;
				CLANG_WARN_UNREACHABLE_CODE = YES;
				CLANG_WARN__DUPLICATE_METHOD_MATCH = YES;
				"CODE_SIGN_IDENTITY[sdk=iphoneos*]" = "iPhone Developer";
				COPY_PHASE_STRIP = NO;
				DEBUG_INFORMATION_FORMAT = dwarf;
				ENABLE_STRICT_OBJC_MSGSEND = YES;
				ENABLE_TESTABILITY = YES;
				GCC_C_LANGUAGE_STANDARD = gnu99;
				GCC_DYNAMIC_NO_PIC = NO;
				GCC_NO_COMMON_BLOCKS = YES;
				GCC_OPTIMIZATION_LEVEL = 0;
				GCC_PREPROCESSOR_DEFINITIONS = (
					"DEBUG=1",
					"$(inherited)",
				);
				GCC_WARN_64_TO_32_BIT_CONVERSION = YES;
				GCC_WARN_ABOUT_RETURN_TYPE = YES_ERROR;
				GCC_WARN_UNDECLARED_SELECTOR = YES;
				GCC_WARN_UNINITIALIZED_AUTOS = YES_AGGRESSIVE;
				GCC_WARN_UNUSED_FUNCTION = YES;
				GCC_WARN_UNUSED_VARIABLE = YES;
				IPHONEOS_DEPLOYMENT_TARGET = 10.0;
				MTL_ENABLE_DEBUG_INFO = YES;
				ONLY_ACTIVE_ARCH = YES;
				SDKROOT = iphoneos;
				SWIFT_ACTIVE_COMPILATION_CONDITIONS = DEBUG;
				SWIFT_OPTIMIZATION_LEVEL = "-Onone";
			};
			name = Debug;
		};
		8BF210931D73BB2300CB4645 /* Release */ = {
			isa = XCBuildConfiguration;
			buildSettings = {
				ALWAYS_SEARCH_USER_PATHS = NO;
				CLANG_ANALYZER_NONNULL = YES;
				CLANG_CXX_LANGUAGE_STANDARD = "gnu++0x";
				CLANG_CXX_LIBRARY = "libc++";
				CLANG_ENABLE_MODULES = YES;
				CLANG_ENABLE_OBJC_ARC = YES;
				CLANG_WARN_BOOL_CONVERSION = YES;
				CLANG_WARN_CONSTANT_CONVERSION = YES;
				CLANG_WARN_DIRECT_OBJC_ISA_USAGE = YES_ERROR;
				CLANG_WARN_DOCUMENTATION_COMMENTS = YES;
				CLANG_WARN_EMPTY_BODY = YES;
				CLANG_WARN_ENUM_CONVERSION = YES;
				CLANG_WARN_INFINITE_RECURSION = YES;
				CLANG_WARN_INT_CONVERSION = YES;
				CLANG_WARN_OBJC_ROOT_CLASS = YES_ERROR;
				CLANG_WARN_SUSPICIOUS_MOVES = YES;
				CLANG_WARN_UNREACHABLE_CODE = YES;
				CLANG_WARN__DUPLICATE_METHOD_MATCH = YES;
				"CODE_SIGN_IDENTITY[sdk=iphoneos*]" = "iPhone Developer";
				COPY_PHASE_STRIP = NO;
				DEBUG_INFORMATION_FORMAT = "dwarf-with-dsym";
				ENABLE_NS_ASSERTIONS = NO;
				ENABLE_STRICT_OBJC_MSGSEND = YES;
				GCC_C_LANGUAGE_STANDARD = gnu99;
				GCC_NO_COMMON_BLOCKS = YES;
				GCC_WARN_64_TO_32_BIT_CONVERSION = YES;
				GCC_WARN_ABOUT_RETURN_TYPE = YES_ERROR;
				GCC_WARN_UNDECLARED_SELECTOR = YES;
				GCC_WARN_UNINITIALIZED_AUTOS = YES_AGGRESSIVE;
				GCC_WARN_UNUSED_FUNCTION = YES;
				GCC_WARN_UNUSED_VARIABLE = YES;
				IPHONEOS_DEPLOYMENT_TARGET = 10.0;
				MTL_ENABLE_DEBUG_INFO = NO;
				SDKROOT = iphoneos;
				SWIFT_OPTIMIZATION_LEVEL = "-Owholemodule";
				VALIDATE_PRODUCT = YES;
			};
			name = Release;
		};
		8BF210951D73BB2300CB4645 /* Debug */ = {
			isa = XCBuildConfiguration;
			buildSettings = {
				ASSETCATALOG_COMPILER_APPICON_NAME = AppIcon;
				INFOPLIST_FILE = PokeDex_beta4/Info.plist;
				LD_RUNPATH_SEARCH_PATHS = "$(inherited) @executable_path/Frameworks";
				PRODUCT_BUNDLE_IDENTIFIER = "Com.WilsonTech.PokeDex-beta4";
				PRODUCT_NAME = "$(TARGET_NAME)";
				SWIFT_VERSION = 3.0;
			};
			name = Debug;
		};
		8BF210961D73BB2300CB4645 /* Release */ = {
			isa = XCBuildConfiguration;
			buildSettings = {
				ASSETCATALOG_COMPILER_APPICON_NAME = AppIcon;
				INFOPLIST_FILE = PokeDex_beta4/Info.plist;
				LD_RUNPATH_SEARCH_PATHS = "$(inherited) @executable_path/Frameworks";
				PRODUCT_BUNDLE_IDENTIFIER = "Com.WilsonTech.PokeDex-beta4";
				PRODUCT_NAME = "$(TARGET_NAME)";
				SWIFT_VERSION = 3.0;
			};
			name = Release;
		};
/* End XCBuildConfiguration section */

/* Begin XCConfigurationList section */
		8BF2107D1D73BB2200CB4645 /* Build configuration list for PBXProject "PokeDex_beta4" */ = {
			isa = XCConfigurationList;
			buildConfigurations = (
				8BF210921D73BB2300CB4645 /* Debug */,
				8BF210931D73BB2300CB4645 /* Release */,
			);
			defaultConfigurationIsVisible = 0;
			defaultConfigurationName = Release;
		};
		8BF210941D73BB2300CB4645 /* Build configuration list for PBXNativeTarget "PokeDex_beta4" */ = {
			isa = XCConfigurationList;
			buildConfigurations = (
				8BF210951D73BB2300CB4645 /* Debug */,
				8BF210961D73BB2300CB4645 /* Release */,
			);
			defaultConfigurationIsVisible = 0;
		};
/* End XCConfigurationList section */
	};
	rootObject = 8BF2107A1D73BB2200CB4645 /* Project object */;
}
